<?xml version="1.0" encoding="utf-8"?>
<Project ToolsVersion="4.0" xmlns="http://schemas.microsoft.com/developer/msbuild/2003">
  <ItemGroup>
    <Filter Include="Source Files">
      <UniqueIdentifier>{4FC737F1-C7A5-4376-A066-2A32D752A2FF}</UniqueIdentifier>
      <Extensions>cpp;c;cc;cxx;def;odl;idl;hpj;bat;asm;asmx</Extensions>
    </Filter>
    <Filter Include="Header Files">
      <UniqueIdentifier>{93995380-89BD-4b04-88EB-625FBE52EBFB}</UniqueIdentifier>
      <Extensions>h;hh;hpp;hxx;hm;inl;inc;xsd</Extensions>
    </Filter>
    <Filter Include="Resource Files">
      <UniqueIdentifier>{67DA6AB6-F800-4c08-8B7A-83BB121AAD01}</UniqueIdentifier>
      <Extensions>rc;ico;cur;bmp;dlg;rc2;rct;bin;rgs;gif;jpg;jpeg;jpe;resx;tiff;tif;png;wav;mfcribbon-ms</Extensions>
    </Filter>
    <Filter Include="Assets">
      <UniqueIdentifier>{802bef7c-4a65-4fce-89ba-e867665de74f}</UniqueIdentifier>
    </Filter>
    <Filter Include="Source Files\Shaders">
      <UniqueIdentifier>{0f783d02-3a01-4476-a084-af990237e98a}</UniqueIdentifier>
    </Filter>
    <Filter Include="Source Files\Shaders\Frag">
      <UniqueIdentifier>{ecaa0676-c9ae-4e7a-80f7-d54c5bc7f4c2}</UniqueIdentifier>
    </Filter>
    <Filter Include="Source Files\Shaders\Vertex">
      <UniqueIdentifier>{ee4d9017-c8b3-4709-9f01-139a0c05b727}</UniqueIdentifier>
    </Filter>
  </ItemGroup>
  <ItemGroup>
    <ClCompile Include="Source.cpp">
      <Filter>Source Files</Filter>
    </ClCompile>
    <ClCompile Include="shader.cpp">
      <Filter>Source Files</Filter>
    </ClCompile>
    <ClCompile Include="camera.cpp">
      <Filter>Source Files</Filter>
    </ClCompile>
  </ItemGroup>
  <ItemGroup>
    <ClInclude Include="shader.hpp">
      <Filter>Header Files</Filter>
    </ClInclude>
    <ClInclude Include="resource.h">
      <Filter>Header Files</Filter>
    </ClInclude>
    <ClInclude Include="camera.hpp">
      <Filter>Header Files</Filter>
    </ClInclude>
  </ItemGroup>
  <ItemGroup>
    <None Include="lighting.vs">
      <Filter>Source Files\Shaders\Vertex</Filter>
    </None>
    <None Include="lighting.frag">
      <Filter>Source Files\Shaders\Frag</Filter>
    </None>
    <None Include="lamp.frag">
      <Filter>Source Files\Shaders\Frag</Filter>
    </None>
    <None Include="lamp.vs">
      <Filter>Source Files\Shaders\Vertex</Filter>
    </None>
  </ItemGroup>
  <ItemGroup>
    <ResourceCompile Include="LearnGL.rc">
      <Filter>Resource Files</Filter>
    </ResourceCompile>
  </ItemGroup>
  <ItemGroup>
    <Image Include="awesomeface.png">
      <Filter>Assets</Filter>
    </Image>
    <Image Include="container.jpg">
      <Filter>Assets</Filter>
    </Image>
    <Image Include="container2_specular.png">
      <Filter>Assets</Filter>
    </Image>
    <Image Include="container2.png">
      <Filter>Assets</Filter>
    </Image>
    <Image Include="matrix.jpg">
      <Filter>Assets</Filter>
    </Image>
  </ItemGroup>
</Project>